
Microsoft Visual Studio Solution File, Format Version 12.00
# Visual Studio Version 18
VisualStudioVersion = 18.4.11626.88 stable
MinimumVisualStudioVersion = 10.0.40219.1
Project("{FAE04EC0-301F-11D3-BF4B-00C04F79EFBC}") = "MaxVerse.API", "MaxVerse.API.csproj", "{3CACEEC6-698D-3998-83AE-526627BCD03F}"
EndProject
Global
	GlobalSection(SolutionConfigurationPlatforms) = preSolution
		Debug|Any CPU = Debug|Any CPU
		Release|Any CPU = Release|Any CPU
	EndGlobalSection
	GlobalSection(ProjectConfigurationPlatforms) = postSolution
		{3CACEEC6-698D-3998-83AE-526627BCD03F}.Debug|Any CPU.ActiveCfg = Debug|Any CPU
		{3CACEEC6-698D-3998-83AE-526627BCD03F}.Debug|Any CPU.Build.0 = Debug|Any CPU
		{3CACEEC6-698D-3998-83AE-526627BCD03F}.Release|Any CPU.ActiveCfg = Release|Any CPU
		{3CACEEC6-698D-3998-83AE-526627BCD03F}.Release|Any CPU.Build.0 = Release|Any CPU
	EndGlobalSection
	GlobalSection(SolutionProperties) = preSolution
		HideSolutionNode = FALSE
	EndGlobalSection
	GlobalSection(ExtensibilityGlobals) = postSolution
		SolutionGuid = {6F69AAB5-19AA-4F31-9908-15E6B70C6B20}
	EndGlobalSection
EndGlobal
